
Microsoft Visual Studio Solution File, Format Version 12.00
# Visual Studio 15
VisualStudioVersion = 15.0.28307.1062
MinimumVisualStudioVersion = 10.0.40219.1
Project("{FAE04EC0-301F-11D3-BF4B-00C04F79EFBC}") = "PatchFinder", "ExportedFunctions\PatchFinder.csproj", "{CB4A5B44-F49C-4BDD-94F6-EA73BF509A15}"
EndProject
Global
	GlobalSection(SolutionConfigurationPlatforms) = preSolution
		Debug|Any CPU = Debug|Any CPU
		Release|Any CPU = Release|Any CPU
	EndGlobalSection
	GlobalSection(ProjectConfigurationPlatforms) = postSolution
		{CB4A5B44-F49C-4BDD-94F6-EA73BF509A15}.Debug|Any CPU.ActiveCfg = Debug|Any CPU
		{CB4A5B44-F49C-4BDD-94F6-EA73BF509A15}.Debug|Any CPU.Build.0 = Debug|Any CPU
		{CB4A5B44-F49C-4BDD-94F6-EA73BF509A15}.Release|Any CPU.ActiveCfg = Release|Any CPU
		{CB4A5B44-F49C-4BDD-94F6-EA73BF509A15}.Release|Any CPU.Build.0 = Release|Any CPU
	EndGlobalSection
	GlobalSection(SolutionProperties) = preSolution
		HideSolutionNode = FALSE
	EndGlobalSection
	GlobalSection(ExtensibilityGlobals) = postSolution
		SolutionGuid = {3A6E5551-685C-4112-B0B1-3810E6FCEE60}
	EndGlobalSection
EndGlobal
