
Microsoft Visual Studio Solution File, Format Version 12.00
# Visual Studio 15
VisualStudioVersion = 15.0.28307.1062
MinimumVisualStudioVersion = 10.0.40219.1
Project("{FAE04EC0-301F-11D3-BF4B-00C04F79EFBC}") = "Golden Loader", "Golden Loader\Golden Loader.csproj", "{002E0470-21DD-4A68-A433-B1E055419AC7}"
EndProject
Global
	GlobalSection(SolutionConfigurationPlatforms) = preSolution
		Debug|Any CPU = Debug|Any CPU
		Release|Any CPU = Release|Any CPU
	EndGlobalSection
	GlobalSection(ProjectConfigurationPlatforms) = postSolution
		{002E0470-21DD-4A68-A433-B1E055419AC7}.Debug|Any CPU.ActiveCfg = Debug|Any CPU
		{002E0470-21DD-4A68-A433-B1E055419AC7}.Debug|Any CPU.Build.0 = Debug|Any CPU
		{002E0470-21DD-4A68-A433-B1E055419AC7}.Release|Any CPU.ActiveCfg = Release|Any CPU
		{002E0470-21DD-4A68-A433-B1E055419AC7}.Release|Any CPU.Build.0 = Release|Any CPU
	EndGlobalSection
	GlobalSection(SolutionProperties) = preSolution
		HideSolutionNode = FALSE
	EndGlobalSection
	GlobalSection(ExtensibilityGlobals) = postSolution
		SolutionGuid = {3955CAA6-88E3-40F1-ABBA-C3DB9A2D0C3C}
	EndGlobalSection
EndGlobal
